// !$*UTF8*$!
{
	archiveVersion = 1;
	classes = {
	};
	objectVersion = 77;
	objects = {

/* Begin PBXContainerItemProxy section */
		905E1DF52E684E9400C7F374 /* PBXContainerItemProxy */ = {
			isa = PBXContainerItemProxy;
			containerPortal = 905E1DDC2E684E9100C7F374 /* Project object */;
			proxyType = 1;
			remoteGlobalIDString = 905E1DE32E684E9100C7F374;
			remoteInfo = FDJSportLeague;
		};
		905E1DFF2E684E9400C7F374 /* PBXContainerItemProxy */ = {
			isa = PBXContainerItemProxy;
			containerPortal = 905E1DDC2E684E9100C7F374 /* Project object */;
			proxyType = 1;
			remoteGlobalIDString = 905E1DE32E684E9100C7F374;
			remoteInfo = FDJSportLeague;
		};
/* End PBXContainerItemProxy section */

/* Begin PBXFileReference section */
		905E1DE42E684E9100C7F374 /* FDJSportLeague.app */ = {isa = PBXFileReference; explicitFileType = wrapper.application; includeInIndex = 0; path = FDJSportLeague.app; sourceTree = BUILT_PRODUCTS_DIR; };
		905E1DF42E684E9400C7F374 /* FDJSportLeagueTests.xctest */ = {isa = PBXFileReference; explicitFileType = wrapper.cfbundle; includeInIndex = 0; path = FDJSportLeagueTests.xctest; sourceTree = BUILT_PRODUCTS_DIR; };
		905E1DFE2E684E9400C7F374 /* FDJSportLeagueUITests.xctest */ = {isa = PBXFileReference; explicitFileType = wrapper.cfbundle; includeInIndex = 0; path = FDJSportLeagueUITests.xctest; sourceTree = BUILT_PRODUCTS_DIR; };
/* End PBXFileReference section */

/* Begin PBXFileSystemSynchronizedRootGroup section */
		905E1DE62E684E9100C7F374 /* FDJSportLeague */ = {
			isa = PBXFileSystemSynchronizedRootGroup;
			path = FDJSportLeague;
			sourceTree = "<group>";
		};
		905E1DF72E684E9400C7F374 /* FDJSportLeagueTests */ = {
			isa = PBXFileSystemSynchronizedRootGroup;
			path = FDJSportLeagueTests;
			sourceTree = "<group>";
		};
		905E1E012E684E9400C7F374 /* FDJSportLeagueUITests */ = {
			isa = PBXFileSystemSynchronizedRootGroup;
			path = FDJSportLeagueUITests;
			sourceTree = "<group>";
		};
/* End PBXFileSystemSynchronizedRootGroup section */

/* Begin PBXFrameworksBuildPhase section */
		905E1DE12E684E9100C7F374 /* Frameworks */ = {
			isa = PBXFrameworksBuildPhase;
			buildActionMask = 2147483647;
			files = (
			);
			runOnlyForDeploymentPostprocessing = 0;
		};
		905E1DF12E684E9400C7F374 /* Frameworks */ = {
			isa = PBXFrameworksBuildPhase;
			buildActionMask = 2147483647;
			files = (
			);
			runOnlyForDeploymentPostprocessing = 0;
		};
		905E1DFB2E684E9400C7F374 /* Frameworks */ = {
			isa = PBXFrameworksBuildPhase;
			buildActionMask = 2147483647;
			files = (
			);
			runOnlyForDeploymentPostprocessing = 0;
		};
/* End PBXFrameworksBuildPhase section */

/* Begin PBXGroup section */
		905E1DDB2E684E9100C7F374 = {
			isa = PBXGroup;
			children = (
				905E1DE62E684E9100C7F374 /* FDJSportLeague */,
				905E1DF72E684E9400C7F374 /* FDJSportLeagueTests */,
				905E1E012E684E9400C7F374 /* FDJSportLeagueUITests */,
				905E1DE52E684E9100C7F374 /* Products */,
			);
			sourceTree = "<group>";
		};
		905E1DE52E684E9100C7F374 /* Products */ = {
			isa = PBXGroup;
			children = (
				905E1DE42E684E9100C7F374 /* FDJSportLeague.app */,
				905E1DF42E684E9400C7F374 /* FDJSportLeagueTests.xctest */,
				905E1DFE2E684E9400C7F374 /* FDJSportLeagueUITests.xctest */,
			);
			name = Products;
			sourceTree = "<group>";
		};
/* End PBXGroup section */

/* Begin PBXNativeTarget section */
		905E1DE32E684E9100C7F374 /* FDJSportLeague */ = {
			isa = PBXNativeTarget;
			buildConfigurationList = 905E1E082E684E9400C7F374 /* Build configuration list for PBXNativeTarget "FDJSportLeague" */;
			buildPhases = (
				905E1DE02E684E9100C7F374 /* Sources */,
				905E1DE12E684E9100C7F374 /* Frameworks */,
				905E1DE22E684E9100C7F374 /* Resources */,
			);
			buildRules = (
			);
			dependencies = (
			);
			fileSystemSynchronizedGroups = (
				905E1DE62E684E9100C7F374 /* FDJSportLeague */,
			);
			name = FDJSportLeague;
			packageProductDependencies = (
			);
			productName = FDJSportLeague;
			productReference = 905E1DE42E684E9100C7F374 /* FDJSportLeague.app */;
			productType = "com.apple.product-type.application";
		};
		905E1DF32E684E9400C7F374 /* FDJSportLeagueTests */ = {
			isa = PBXNativeTarget;
			buildConfigurationList = 905E1E0B2E684E9400C7F374 /* Build configuration list for PBXNativeTarget "FDJSportLeagueTests" */;
			buildPhases = (
				905E1DF02E684E9400C7F374 /* Sources */,
				905E1DF12E684E9400C7F374 /* Frameworks */,
				905E1DF22E684E9400C7F374 /* Resources */,
			);
			buildRules = (
			);
			dependencies = (
				905E1DF62E684E9400C7F374 /* PBXTargetDependency */,
			);
			fileSystemSynchronizedGroups = (
				905E1DF72E684E9400C7F374 /* FDJSportLeagueTests */,
			);
			name = FDJSportLeagueTests;
			packageProductDependencies = (
			);
			productName = FDJSportLeagueTests;
			productReference = 905E1DF42E684E9400C7F374 /* FDJSportLeagueTests.xctest */;
			productType = "com.apple.product-type.bundle.unit-test";
		};
		905E1DFD2E684E9400C7F374 /* FDJSportLeagueUITests */ = {
			isa = PBXNativeTarget;
			buildConfigurationList = 905E1E0E2E684E9400C7F374 /* Build configuration list for PBXNativeTarget "FDJSportLeagueUITests" */;
			buildPhases = (
				905E1DFA2E684E9400C7F374 /* Sources */,
				905E1DFB2E684E9400C7F374 /* Frameworks */,
				905E1DFC2E684E9400C7F374 /* Resources */,
			);
			buildRules = (
			);
			dependencies = (
				905E1E002E684E9400C7F374 /* PBXTargetDependency */,
			);
			fileSystemSynchronizedGroups = (
				905E1E012E684E9400C7F374 /* FDJSportLeagueUITests */,
			);
			name = FDJSportLeagueUITests;
			packageProductDependencies = (
			);
			productName = FDJSportLeagueUITests;
			productReference = 905E1DFE2E684E9400C7F374 /* FDJSportLeagueUITests.xctest */;
			productType = "com.apple.product-type.bundle.ui-testing";
		};
/* End PBXNativeTarget section */

/* Begin PBXProject section */
		905E1DDC2E684E9100C7F374 /* Project object */ = {
			isa = PBXProject;
			attributes = {
				BuildIndependentTargetsInParallel = 1;
				LastSwiftUpdateCheck = 1610;
				LastUpgradeCheck = 1610;
				TargetAttributes = {
					905E1DE32E684E9100C7F374 = {
						CreatedOnToolsVersion = 16.1;
					};
					905E1DF32E684E9400C7F374 = {
						CreatedOnToolsVersion = 16.1;
						TestTargetID = 905E1DE32E684E9100C7F374;
					};
					905E1DFD2E684E9400C7F374 = {
						CreatedOnToolsVersion = 16.1;
						TestTargetID = 905E1DE32E684E9100C7F374;
					};
				};
			};
			buildConfigurationList = 905E1DDF2E684E9100C7F374 /* Build configuration list for PBXProject "FDJSportLeague" */;
			developmentRegion = en;
			hasScannedForEncodings = 0;
			knownRegions = (
				en,
				Base,
			);
			mainGroup = 905E1DDB2E684E9100C7F374;
			minimizedProjectReferenceProxies = 1;
			preferredProjectObjectVersion = 77;
			productRefGroup = 905E1DE52E684E9100C7F374 /* Products */;
			projectDirPath = "";
			projectRoot = "";
			targets = (
				905E1DE32E684E9100C7F374 /* FDJSportLeague */,
				905E1DF32E684E9400C7F374 /* FDJSportLeagueTests */,
				905E1DFD2E684E9400C7F374 /* FDJSportLeagueUITests */,
			);
		};
/* End PBXProject section */

/* Begin PBXResourcesBuildPhase section */
		905E1DE22E684E9100C7F374 /* Resources */ = {
			isa = PBXResourcesBuildPhase;
			buildActionMask = 2147483647;
			files = (
			);
			runOnlyForDeploymentPostprocessing = 0;
		};
		905E1DF22E684E9400C7F374 /* Resources */ = {
			isa = PBXResourcesBuildPhase;
			buildActionMask = 2147483647;
			files = (
			);
			runOnlyForDeploymentPostprocessing = 0;
		};
		905E1DFC2E684E9400C7F374 /* Resources */ = {
			isa = PBXResourcesBuildPhase;
			buildActionMask = 2147483647;
			files = (
			);
			runOnlyForDeploymentPostprocessing = 0;
		};
/* End PBXResourcesBuildPhase section */

/* Begin PBXSourcesBuildPhase section */
		905E1DE02E684E9100C7F374 /* Sources */ = {
			isa = PBXSourcesBuildPhase;
			buildActionMask = 2147483647;
			files = (
			);
			runOnlyForDeploymentPostprocessing = 0;
		};
		905E1DF02E684E9400C7F374 /* Sources */ = {
			isa = PBXSourcesBuildPhase;
			buildActionMask = 2147483647;
			files = (
			);
			runOnlyForDeploymentPostprocessing = 0;
		};
		905E1DFA2E684E9400C7F374 /* Sources */ = {
			isa = PBXSourcesBuildPhase;
			buildActionMask = 2147483647;
			files = (
			);
			runOnlyForDeploymentPostprocessing = 0;
		};
/* End PBXSourcesBuildPhase section */

/* Begin PBXTargetDependency section */
		905E1DF62E684E9400C7F374 /* PBXTargetDependency */ = {
			isa = PBXTargetDependency;
			target = 905E1DE32E684E9100C7F374 /* FDJSportLeague */;
			targetProxy = 905E1DF52E684E9400C7F374 /* PBXContainerItemProxy */;
		};
		905E1E002E684E9400C7F374 /* PBXTargetDependency */ = {
			isa = PBXTargetDependency;
			target = 905E1DE32E684E9100C7F374 /* FDJSportLeague */;
			targetProxy = 905E1DFF2E684E9400C7F374 /* PBXContainerItemProxy */;
		};
/* End PBXTargetDependency section */

/* Begin XCBuildConfiguration section */
		905E1E062E684E9400C7F374 /* Debug */ = {
			isa = XCBuildConfiguration;
			buildSettings = {
				ALWAYS_SEARCH_USER_PATHS = NO;
				ASSETCATALOG_COMPILER_GENERATE_SWIFT_ASSET_SYMBOL_EXTENSIONS = YES;
				CLANG_ANALYZER_NONNULL = YES;
				CLANG_ANALYZER_NUMBER_OBJECT_CONVERSION = YES_AGGRESSIVE;
				CLANG_CXX_LANGUAGE_STANDARD = "gnu++20";
				CLANG_ENABLE_MODULES = YES;
				CLANG_ENABLE_OBJC_ARC = YES;
				CLANG_ENABLE_OBJC_WEAK = YES;
				CLANG_WARN_BLOCK_CAPTURE_AUTORELEASING = YES;
				CLANG_WARN_BOOL_CONVERSION = YES;
				CLANG_WARN_COMMA = YES;
				CLANG_WARN_CONSTANT_CONVERSION = YES;
				CLANG_WARN_DEPRECATED_OBJC_IMPLEMENTATIONS = YES;
				CLANG_WARN_DIRECT_OBJC_ISA_USAGE = YES_ERROR;
				CLANG_WARN_DOCUMENTATION_COMMENTS = YES;
				CLANG_WARN_EMPTY_BODY = YES;
				CLANG_WARN_ENUM_CONVERSION = YES;
				CLANG_WARN_INFINITE_RECURSION = YES;
				CLANG_WARN_INT_CONVERSION = YES;
				CLANG_WARN_NON_LITERAL_NULL_CONVERSION = YES;
				CLANG_WARN_OBJC_IMPLICIT_RETAIN_SELF = YES;
				CLANG_WARN_OBJC_LITERAL_CONVERSION = YES;
				CLANG_WARN_OBJC_ROOT_CLASS = YES_ERROR;
				CLANG_WARN_QUOTED_INCLUDE_IN_FRAMEWORK_HEADER = YES;
				CLANG_WARN_RANGE_LOOP_ANALYSIS = YES;
				CLANG_WARN_STRICT_PROTOTYPES = YES;
				CLANG_WARN_SUSPICIOUS_MOVE = YES;
				CLANG_WARN_UNGUARDED_AVAILABILITY = YES_AGGRESSIVE;
				CLANG_WARN_UNREACHABLE_CODE = YES;
				CLANG_WARN__DUPLICATE_METHOD_MATCH = YES;
				COPY_PHASE_STRIP = NO;
				DEBUG_INFORMATION_FORMAT = dwarf;
				ENABLE_STRICT_OBJC_MSGSEND = YES;
				ENABLE_TESTABILITY = YES;
				ENABLE_USER_SCRIPT_SANDBOXING = YES;
				GCC_C_LANGUAGE_STANDARD = gnu17;
				GCC_DYNAMIC_NO_PIC = NO;
				GCC_NO_COMMON_BLOCKS = YES;
				GCC_OPTIMIZATION_LEVEL = 0;
				GCC_PREPROCESSOR_DEFINITIONS = (
					"DEBUG=1",
					"$(inherited)",
				);
				GCC_WARN_64_TO_32_BIT_CONVERSION = YES;
				GCC_WARN_ABOUT_RETURN_TYPE = YES_ERROR;
				GCC_WARN_UNDECLARED_SELECTOR = YES;
				GCC_WARN_UNINITIALIZED_AUTOS = YES_AGGRESSIVE;
				GCC_WARN_UNUSED_FUNCTION = YES;
				GCC_WARN_UNUSED_VARIABLE = YES;
				IPHONEOS_DEPLOYMENT_TARGET = 18.1;
				LOCALIZATION_PREFERS_STRING_CATALOGS = YES;
				MTL_ENABLE_DEBUG_INFO = INCLUDE_SOURCE;
				MTL_FAST_MATH = YES;
				ONLY_ACTIVE_ARCH = YES;
				SDKROOT = iphoneos;
				SWIFT_ACTIVE_COMPILATION_CONDITIONS = "DEBUG $(inherited)";
				SWIFT_OPTIMIZATION_LEVEL = "-Onone";
			};
			name = Debug;
		};
		905E1E072E684E9400C7F374 /* Release */ = {
			isa = XCBuildConfiguration;
			buildSettings = {
				ALWAYS_SEARCH_USER_PATHS = NO;
				ASSETCATALOG_COMPILER_GENERATE_SWIFT_ASSET_SYMBOL_EXTENSIONS = YES;
				CLANG_ANALYZER_NONNULL = YES;
				CLANG_ANALYZER_NUMBER_OBJECT_CONVERSION = YES_AGGRESSIVE;
				CLANG_CXX_LANGUAGE_STANDARD = "gnu++20";
				CLANG_ENABLE_MODULES = YES;
				CLANG_ENABLE_OBJC_ARC = YES;
				CLANG_ENABLE_OBJC_WEAK = YES;
				CLANG_WARN_BLOCK_CAPTURE_AUTORELEASING = YES;
				CLANG_WARN_BOOL_CONVERSION = YES;
				CLANG_WARN_COMMA = YES;
				CLANG_WARN_CONSTANT_CONVERSION = YES;
				CLANG_WARN_DEPRECATED_OBJC_IMPLEMENTATIONS = YES;
				CLANG_WARN_DIRECT_OBJC_ISA_USAGE = YES_ERROR;
				CLANG_WARN_DOCUMENTATION_COMMENTS = YES;
				CLANG_WARN_EMPTY_BODY = YES;
				CLANG_WARN_ENUM_CONVERSION = YES;
				CLANG_WARN_INFINITE_RECURSION = YES;
				CLANG_WARN_INT_CONVERSION = YES;
				CLANG_WARN_NON_LITERAL_NULL_CONVERSION = YES;
				CLANG_WARN_OBJC_IMPLICIT_RETAIN_SELF = YES;
				CLANG_WARN_OBJC_LITERAL_CONVERSION = YES;
				CLANG_WARN_OBJC_ROOT_CLASS = YES_ERROR;
				CLANG_WARN_QUOTED_INCLUDE_IN_FRAMEWORK_HEADER = YES;
				CLANG_WARN_RANGE_LOOP_ANALYSIS = YES;
				CLANG_WARN_STRICT_PROTOTYPES = YES;
				CLANG_WARN_SUSPICIOUS_MOVE = YES;
				CLANG_WARN_UNGUARDED_AVAILABILITY = YES_AGGRESSIVE;
				CLANG_WARN_UNREACHABLE_CODE = YES;
				CLANG_WARN__DUPLICATE_METHOD_MATCH = YES;
				COPY_PHASE_STRIP = NO;
				DEBUG_INFORMATION_FORMAT = "dwarf-with-dsym";
				ENABLE_NS_ASSERTIONS = NO;
				ENABLE_STRICT_OBJC_MSGSEND = YES;
				ENABLE_USER_SCRIPT_SANDBOXING = YES;
				GCC_C_LANGUAGE_STANDARD = gnu17;
				GCC_NO_COMMON_BLOCKS = YES;
				GCC_WARN_64_TO_32_BIT_CONVERSION = YES;
				GCC_WARN_ABOUT_RETURN_TYPE = YES_ERROR;
				GCC_WARN_UNDECLARED_SELECTOR = YES;
				GCC_WARN_UNINITIALIZED_AUTOS = YES_AGGRESSIVE;
				GCC_WARN_UNUSED_FUNCTION = YES;
				GCC_WARN_UNUSED_VARIABLE = YES;
				IPHONEOS_DEPLOYMENT_TARGET = 18.1;
				LOCALIZATION_PREFERS_STRING_CATALOGS = YES;
				MTL_ENABLE_DEBUG_INFO = NO;
				MTL_FAST_MATH = YES;
				SDKROOT = iphoneos;
				SWIFT_COMPILATION_MODE = wholemodule;
				VALIDATE_PRODUCT = YES;
			};
			name = Release;
		};
		905E1E092E684E9400C7F374 /* Debug */ = {
			isa = XCBuildConfiguration;
			buildSettings = {
				ASSETCATALOG_COMPILER_APPICON_NAME = AppIcon;
				ASSETCATALOG_COMPILER_GLOBAL_ACCENT_COLOR_NAME = AccentColor;
				CODE_SIGN_STYLE = Automatic;
				CURRENT_PROJECT_VERSION = 1;
				DEVELOPMENT_ASSET_PATHS = "\"FDJSportLeague/Preview Content\"";
				ENABLE_PREVIEWS = YES;
				GENERATE_INFOPLIST_FILE = YES;
				INFOPLIST_KEY_UIApplicationSceneManifest_Generation = YES;
				INFOPLIST_KEY_UIApplicationSupportsIndirectInputEvents = YES;
				INFOPLIST_KEY_UILaunchScreen_Generation = YES;
				INFOPLIST_KEY_UISupportedInterfaceOrientations_iPad = "UIInterfaceOrientationPortrait UIInterfaceOrientationPortraitUpsideDown UIInterfaceOrientationLandscapeLeft UIInterfaceOrientationLandscapeRight";
				INFOPLIST_KEY_UISupportedInterfaceOrientations_iPhone = "UIInterfaceOrientationPortrait UIInterfaceOrientationLandscapeLeft UIInterfaceOrientationLandscapeRight";
				LD_RUNPATH_SEARCH_PATHS = (
					"$(inherited)",
					"@executable_path/Frameworks",
				);
				MARKETING_VERSION = 1.0;
				PRODUCT_BUNDLE_IDENTIFIER = aymenbraham.FDJSportLeague;
				PRODUCT_NAME = "$(TARGET_NAME)";
				SWIFT_EMIT_LOC_STRINGS = YES;
				SWIFT_VERSION = 5.0;
				TARGETED_DEVICE_FAMILY = "1,2";
			};
			name = Debug;
		};
		905E1E0A2E684E9400C7F374 /* Release */ = {
			isa = XCBuildConfiguration;
			buildSettings = {
				ASSETCATALOG_COMPILER_APPICON_NAME = AppIcon;
				ASSETCATALOG_COMPILER_GLOBAL_ACCENT_COLOR_NAME = AccentColor;
				CODE_SIGN_STYLE = Automatic;
				CURRENT_PROJECT_VERSION = 1;
				DEVELOPMENT_ASSET_PATHS = "\"FDJSportLeague/Preview Content\"";
				ENABLE_PREVIEWS = YES;
				GENERATE_INFOPLIST_FILE = YES;
				INFOPLIST_KEY_UIApplicationSceneManifest_Generation = YES;
				INFOPLIST_KEY_UIApplicationSupportsIndirectInputEvents = YES;
				INFOPLIST_KEY_UILaunchScreen_Generation = YES;
				INFOPLIST_KEY_UISupportedInterfaceOrientations_iPad = "UIInterfaceOrientationPortrait UIInterfaceOrientationPortraitUpsideDown UIInterfaceOrientationLandscapeLeft UIInterfaceOrientationLandscapeRight";
				INFOPLIST_KEY_UISupportedInterfaceOrientations_iPhone = "UIInterfaceOrientationPortrait UIInterfaceOrientationLandscapeLeft UIInterfaceOrientationLandscapeRight";
				LD_RUNPATH_SEARCH_PATHS = (
					"$(inherited)",
					"@executable_path/Frameworks",
				);
				MARKETING_VERSION = 1.0;
				PRODUCT_BUNDLE_IDENTIFIER = aymenbraham.FDJSportLeague;
				PRODUCT_NAME = "$(TARGET_NAME)";
				SWIFT_EMIT_LOC_STRINGS = YES;
				SWIFT_VERSION = 5.0;
				TARGETED_DEVICE_FAMILY = "1,2";
			};
			name = Release;
		};
		905E1E0C2E684E9400C7F374 /* Debug */ = {
			isa = XCBuildConfiguration;
			buildSettings = {
				BUNDLE_LOADER = "$(TEST_HOST)";
				CODE_SIGN_STYLE = Automatic;
				CURRENT_PROJECT_VERSION = 1;
				GENERATE_INFOPLIST_FILE = YES;
				IPHONEOS_DEPLOYMENT_TARGET = 18.1;
				MARKETING_VERSION = 1.0;
				PRODUCT_BUNDLE_IDENTIFIER = aymenbraham.FDJSportLeagueTests;
				PRODUCT_NAME = "$(TARGET_NAME)";
				SWIFT_EMIT_LOC_STRINGS = NO;
				SWIFT_VERSION = 5.0;
				TARGETED_DEVICE_FAMILY = "1,2";
				TEST_HOST = "$(BUILT_PRODUCTS_DIR)/FDJSportLeague.app/$(BUNDLE_EXECUTABLE_FOLDER_PATH)/FDJSportLeague";
			};
			name = Debug;
		};
		905E1E0D2E684E9400C7F374 /* Release */ = {
			isa = XCBuildConfiguration;
			buildSettings = {
				BUNDLE_LOADER = "$(TEST_HOST)";
				CODE_SIGN_STYLE = Automatic;
				CURRENT_PROJECT_VERSION = 1;
				GENERATE_INFOPLIST_FILE = YES;
				IPHONEOS_DEPLOYMENT_TARGET = 18.1;
				MARKETING_VERSION = 1.0;
				PRODUCT_BUNDLE_IDENTIFIER = aymenbraham.FDJSportLeagueTests;
				PRODUCT_NAME = "$(TARGET_NAME)";
				SWIFT_EMIT_LOC_STRINGS = NO;
				SWIFT_VERSION = 5.0;
				TARGETED_DEVICE_FAMILY = "1,2";
				TEST_HOST = "$(BUILT_PRODUCTS_DIR)/FDJSportLeague.app/$(BUNDLE_EXECUTABLE_FOLDER_PATH)/FDJSportLeague";
			};
			name = Release;
		};
		905E1E0F2E684E9400C7F374 /* Debug */ = {
			isa = XCBuildConfiguration;
			buildSettings = {
				CODE_SIGN_STYLE = Automatic;
				CURRENT_PROJECT_VERSION = 1;
				GENERATE_INFOPLIST_FILE = YES;
				MARKETING_VERSION = 1.0;
				PRODUCT_BUNDLE_IDENTIFIER = aymenbraham.FDJSportLeagueUITests;
				PRODUCT_NAME = "$(TARGET_NAME)";
				SWIFT_EMIT_LOC_STRINGS = NO;
				SWIFT_VERSION = 5.0;
				TARGETED_DEVICE_FAMILY = "1,2";
				TEST_TARGET_NAME = FDJSportLeague;
			};
			name = Debug;
		};
		905E1E102E684E9400C7F374 /* Release */ = {
			isa = XCBuildConfiguration;
			buildSettings = {
				CODE_SIGN_STYLE = Automatic;
				CURRENT_PROJECT_VERSION = 1;
				GENERATE_INFOPLIST_FILE = YES;
				MARKETING_VERSION = 1.0;
				PRODUCT_BUNDLE_IDENTIFIER = aymenbraham.FDJSportLeagueUITests;
				PRODUCT_NAME = "$(TARGET_NAME)";
				SWIFT_EMIT_LOC_STRINGS = NO;
				SWIFT_VERSION = 5.0;
				TARGETED_DEVICE_FAMILY = "1,2";
				TEST_TARGET_NAME = FDJSportLeague;
			};
			name = Release;
		};
/* End XCBuildConfiguration section */

/* Begin XCConfigurationList section */
		905E1DDF2E684E9100C7F374 /* Build configuration list for PBXProject "FDJSportLeague" */ = {
			isa = XCConfigurationList;
			buildConfigurations = (
				905E1E062E684E9400C7F374 /* Debug */,
				905E1E072E684E9400C7F374 /* Release */,
			);
			defaultConfigurationIsVisible = 0;
			defaultConfigurationName = Release;
		};
		905E1E082E684E9400C7F374 /* Build configuration list for PBXNativeTarget "FDJSportLeague" */ = {
			isa = XCConfigurationList;
			buildConfigurations = (
				905E1E092E684E9400C7F374 /* Debug */,
				905E1E0A2E684E9400C7F374 /* Release */,
			);
			defaultConfigurationIsVisible = 0;
			defaultConfigurationName = Release;
		};
		905E1E0B2E684E9400C7F374 /* Build configuration list for PBXNativeTarget "FDJSportLeagueTests" */ = {
			isa = XCConfigurationList;
			buildConfigurations = (
				905E1E0C2E684E9400C7F374 /* Debug */,
				905E1E0D2E684E9400C7F374 /* Release */,
			);
			defaultConfigurationIsVisible = 0;
			defaultConfigurationName = Release;
		};
		905E1E0E2E684E9400C7F374 /* Build configuration list for PBXNativeTarget "FDJSportLeagueUITests" */ = {
			isa = XCConfigurationList;
			buildConfigurations = (
				905E1E0F2E684E9400C7F374 /* Debug */,
				905E1E102E684E9400C7F374 /* Release */,
			);
			defaultConfigurationIsVisible = 0;
			defaultConfigurationName = Release;
		};
/* End XCConfigurationList section */
	};
	rootObject = 905E1DDC2E684E9100C7F374 /* Project object */;
}
